// !$*UTF8*$!
{
	archiveVersion = 1;
	classes = {
	};
	objectVersion = 46;
	objects = {

/* Begin PBXBuildFile section */
		8F8B92491AE4A047002277F5 /* GoogleMobileAds.framework in Frameworks */ = {isa = PBXBuildFile; fileRef = 8F8B92481AE4A047002277F5 /* GoogleMobileAds.framework */; };
		8FAE398A19C2A54A0036333B /* Foundation.framework in Frameworks */ = {isa = PBXBuildFile; fileRef = 8FAE398919C2A54A0036333B /* Foundation.framework */; };
		8FAE398C19C2A54A0036333B /* CoreGraphics.framework in Frameworks */ = {isa = PBXBuildFile; fileRef = 8FAE398B19C2A54A0036333B /* CoreGraphics.framework */; };
		8FAE398E19C2A54A0036333B /* UIKit.framework in Frameworks */ = {isa = PBXBuildFile; fileRef = 8FAE398D19C2A54A0036333B /* UIKit.framework */; };
		8FAE399419C2A54A0036333B /* InfoPlist.strings in Resources */ = {isa = PBXBuildFile; fileRef = 8FAE399219C2A54A0036333B /* InfoPlist.strings */; };
		8FAE399619C2A54A0036333B /* main.m in Sources */ = {isa = PBXBuildFile; fileRef = 8FAE399519C2A54A0036333B /* main.m */; };
		8FAE399A19C2A54A0036333B /* RKAppDelegate.m in Sources */ = {isa = PBXBuildFile; fileRef = 8FAE399919C2A54A0036333B /* RKAppDelegate.m */; };
		8FAE399D19C2A54A0036333B /* Main.storyboard in Resources */ = {isa = PBXBuildFile; fileRef = 8FAE399B19C2A54A0036333B /* Main.storyboard */; };
		8FAE39A019C2A54A0036333B /* RKViewController.m in Sources */ = {isa = PBXBuildFile; fileRef = 8FAE399F19C2A54A0036333B /* RKViewController.m */; };
		8FAE39A219C2A54A0036333B /* Images.xcassets in Resources */ = {isa = PBXBuildFile; fileRef = 8FAE39A119C2A54A0036333B /* Images.xcassets */; };
		8FAE39A919C2A54A0036333B /* XCTest.framework in Frameworks */ = {isa = PBXBuildFile; fileRef = 8FAE39A819C2A54A0036333B /* XCTest.framework */; };
		8FAE39AA19C2A54A0036333B /* Foundation.framework in Frameworks */ = {isa = PBXBuildFile; fileRef = 8FAE398919C2A54A0036333B /* Foundation.framework */; };
		8FAE39AB19C2A54A0036333B /* UIKit.framework in Frameworks */ = {isa = PBXBuildFile; fileRef = 8FAE398D19C2A54A0036333B /* UIKit.framework */; };
		8FAE39B319C2A54A0036333B /* InfoPlist.strings in Resources */ = {isa = PBXBuildFile; fileRef = 8FAE39B119C2A54A0036333B /* InfoPlist.strings */; };
		8FAE39B519C2A54A0036333B /* Heart_WingsTests.m in Sources */ = {isa = PBXBuildFile; fileRef = 8FAE39B419C2A54A0036333B /* Heart_WingsTests.m */; };
		8FAE39CC19C2A6640036333B /* arrow.png in Resources */ = {isa = PBXBuildFile; fileRef = 8FAE39BF19C2A6640036333B /* arrow.png */; };
		8FAE39CD19C2A6640036333B /* background-4.png in Resources */ = {isa = PBXBuildFile; fileRef = 8FAE39C019C2A6640036333B /* background-4.png */; };
		8FAE39CE19C2A6640036333B /* background-35.png in Resources */ = {isa = PBXBuildFile; fileRef = 8FAE39C119C2A6640036333B /* background-35.png */; };
		8FAE39CF19C2A6640036333B /* bird-up-black.png in Resources */ = {isa = PBXBuildFile; fileRef = 8FAE39C219C2A6640036333B /* bird-up-black.png */; };
		8FAE39D019C2A6640036333B /* birdDown.png in Resources */ = {isa = PBXBuildFile; fileRef = 8FAE39C319C2A6640036333B /* birdDown.png */; };
		8FAE39D119C2A6640036333B /* birdUp.png in Resources */ = {isa = PBXBuildFile; fileRef = 8FAE39C419C2A6640036333B /* birdUp.png */; };
		8FAE39D219C2A6640036333B /* Jump4.wav in Resources */ = {isa = PBXBuildFile; fileRef = 8FAE39C519C2A6640036333B /* Jump4.wav */; };
		8FAE39D319C2A6640036333B /* Pickup_Coin15.wav in Resources */ = {isa = PBXBuildFile; fileRef = 8FAE39C619C2A6640036333B /* Pickup_Coin15.wav */; };
		8FAE39D419C2A6640036333B /* plane1.png in Resources */ = {isa = PBXBuildFile; fileRef = 8FAE39C719C2A6640036333B /* plane1.png */; };
		8FAE39D519C2A6640036333B /* plane2.png in Resources */ = {isa = PBXBuildFile; fileRef = 8FAE39C819C2A6640036333B /* plane2.png */; };
		8FAE39D619C2A6640036333B /* plane3.png in Resources */ = {isa = PBXBuildFile; fileRef = 8FAE39C919C2A6640036333B /* plane3.png */; };
		8FAE39D719C2A6640036333B /* plane4.png in Resources */ = {isa = PBXBuildFile; fileRef = 8FAE39CA19C2A6640036333B /* plane4.png */; };
		8FAE39D819C2A6640036333B /* tap.png in Resources */ = {isa = PBXBuildFile; fileRef = 8FAE39CB19C2A6640036333B /* tap.png */; };
		8FAE39DB19C3CCC60036333B /* Game.m in Sources */ = {isa = PBXBuildFile; fileRef = 8FAE39DA19C3CCC60036333B /* Game.m */; };
		8FAE39DD19C3CCEF0036333B /* AudioToolbox.framework in Frameworks */ = {isa = PBXBuildFile; fileRef = 8FAE39DC19C3CCEF0036333B /* AudioToolbox.framework */; };
		8FE906A21AEDB9010099860A /* alien3.png in Resources */ = {isa = PBXBuildFile; fileRef = 8FE9069F1AEDB9010099860A /* alien3.png */; };
		8FE906A31AEDB9010099860A /* alien2.png in Resources */ = {isa = PBXBuildFile; fileRef = 8FE906A01AEDB9010099860A /* alien2.png */; };
		8FE906A41AEDB9010099860A /* alien1.png in Resources */ = {isa = PBXBuildFile; fileRef = 8FE906A11AEDB9010099860A /* alien1.png */; };
/* End PBXBuildFile section */

/* Begin PBXContainerItemProxy section */
		8FAE39AC19C2A54A0036333B /* PBXContainerItemProxy */ = {
			isa = PBXContainerItemProxy;
			containerPortal = 8FAE397E19C2A54A0036333B /* Project object */;
			proxyType = 1;
			remoteGlobalIDString = 8FAE398519C2A54A0036333B;
			remoteInfo = "Heart Wings";
		};
/* End PBXContainerItemProxy section */

/* Begin PBXFileReference section */
		8F8B92481AE4A047002277F5 /* GoogleMobileAds.framework */ = {isa = PBXFileReference; lastKnownFileType = wrapper.framework; path = GoogleMobileAds.framework; sourceTree = "<group>"; };
		8FAE398619C2A54A0036333B /* Heart Wings.app */ = {isa = PBXFileReference; explicitFileType = wrapper.application; includeInIndex = 0; path = "Heart Wings.app"; sourceTree = BUILT_PRODUCTS_DIR; };
		8FAE398919C2A54A0036333B /* Foundation.framework */ = {isa = PBXFileReference; lastKnownFileType = wrapper.framework; name = Foundation.framework; path = System/Library/Frameworks/Foundation.framework; sourceTree = SDKROOT; };
		8FAE398B19C2A54A0036333B /* CoreGraphics.framework */ = {isa = PBXFileReference; lastKnownFileType = wrapper.framework; name = CoreGraphics.framework; path = System/Library/Frameworks/CoreGraphics.framework; sourceTree = SDKROOT; };
		8FAE398D19C2A54A0036333B /* UIKit.framework */ = {isa = PBXFileReference; lastKnownFileType = wrapper.framework; name = UIKit.framework; path = System/Library/Frameworks/UIKit.framework; sourceTree = SDKROOT; };
		8FAE399119C2A54A0036333B /* Heart Wings-Info.plist */ = {isa = PBXFileReference; lastKnownFileType = text.plist.xml; path = "Heart Wings-Info.plist"; sourceTree = "<group>"; };
		8FAE399319C2A54A0036333B /* en */ = {isa = PBXFileReference; lastKnownFileType = text.plist.strings; name = en; path = en.lproj/InfoPlist.strings; sourceTree = "<group>"; };
		8FAE399519C2A54A0036333B /* main.m */ = {isa = PBXFileReference; lastKnownFileType = sourcecode.c.objc; path = main.m; sourceTree = "<group>"; };
		8FAE399719C2A54A0036333B /* Heart Wings-Prefix.pch */ = {isa = PBXFileReference; lastKnownFileType = sourcecode.c.h; path = "Heart Wings-Prefix.pch"; sourceTree = "<group>"; };
		8FAE399819C2A54A0036333B /* RKAppDelegate.h */ = {isa = PBXFileReference; lastKnownFileType = sourcecode.c.h; path = RKAppDelegate.h; sourceTree = "<group>"; };
		8FAE399919C2A54A0036333B /* RKAppDelegate.m */ = {isa = PBXFileReference; lastKnownFileType = sourcecode.c.objc; path = RKAppDelegate.m; sourceTree = "<group>"; };
		8FAE399C19C2A54A0036333B /* Base */ = {isa = PBXFileReference; lastKnownFileType = file.storyboard; name = Base; path = Base.lproj/Main.storyboard; sourceTree = "<group>"; };
		8FAE399E19C2A54A0036333B /* RKViewController.h */ = {isa = PBXFileReference; lastKnownFileType = sourcecode.c.h; path = RKViewController.h; sourceTree = "<group>"; };
		8FAE399F19C2A54A0036333B /* RKViewController.m */ = {isa = PBXFileReference; lastKnownFileType = sourcecode.c.objc; path = RKViewController.m; sourceTree = "<group>"; };
		8FAE39A119C2A54A0036333B /* Images.xcassets */ = {isa = PBXFileReference; lastKnownFileType = folder.assetcatalog; path = Images.xcassets; sourceTree = "<group>"; };
		8FAE39A719C2A54A0036333B /* Heart WingsTests.xctest */ = {isa = PBXFileReference; explicitFileType = wrapper.cfbundle; includeInIndex = 0; path = "Heart WingsTests.xctest"; sourceTree = BUILT_PRODUCTS_DIR; };
		8FAE39A819C2A54A0036333B /* XCTest.framework */ = {isa = PBXFileReference; lastKnownFileType = wrapper.framework; name = XCTest.framework; path = Library/Frameworks/XCTest.framework; sourceTree = DEVELOPER_DIR; };
		8FAE39B019C2A54A0036333B /* Heart WingsTests-Info.plist */ = {isa = PBXFileReference; lastKnownFileType = text.plist.xml; path = "Heart WingsTests-Info.plist"; sourceTree = "<group>"; };
		8FAE39B219C2A54A0036333B /* en */ = {isa = PBXFileReference; lastKnownFileType = text.plist.strings; name = en; path = en.lproj/InfoPlist.strings; sourceTree = "<group>"; };
		8FAE39B419C2A54A0036333B /* Heart_WingsTests.m */ = {isa = PBXFileReference; lastKnownFileType = sourcecode.c.objc; path = Heart_WingsTests.m; sourceTree = "<group>"; };
		8FAE39BF19C2A6640036333B /* arrow.png */ = {isa = PBXFileReference; lastKnownFileType = image.png; path = arrow.png; sourceTree = "<group>"; };
		8FAE39C019C2A6640036333B /* background-4.png */ = {isa = PBXFileReference; lastKnownFileType = image.png; path = "background-4.png"; sourceTree = "<group>"; };
		8FAE39C119C2A6640036333B /* background-35.png */ = {isa = PBXFileReference; lastKnownFileType = image.png; path = "background-35.png"; sourceTree = "<group>"; };
		8FAE39C219C2A6640036333B /* bird-up-black.png */ = {isa = PBXFileReference; lastKnownFileType = image.png; path = "bird-up-black.png"; sourceTree = "<group>"; };
		8FAE39C319C2A6640036333B /* birdDown.png */ = {isa = PBXFileReference; lastKnownFileType = image.png; path = birdDown.png; sourceTree = "<group>"; };
		8FAE39C419C2A6640036333B /* birdUp.png */ = {isa = PBXFileReference; lastKnownFileType = image.png; path = birdUp.png; sourceTree = "<group>"; };
		8FAE39C519C2A6640036333B /* Jump4.wav */ = {isa = PBXFileReference; lastKnownFileType = audio.wav; path = Jump4.wav; sourceTree = "<group>"; };
		8FAE39C619C2A6640036333B /* Pickup_Coin15.wav */ = {isa = PBXFileReference; lastKnownFileType = audio.wav; path = Pickup_Coin15.wav; sourceTree = "<group>"; };
		8FAE39C719C2A6640036333B /* plane1.png */ = {isa = PBXFileReference; lastKnownFileType = image.png; path = plane1.png; sourceTree = "<group>"; };
		8FAE39C819C2A6640036333B /* plane2.png */ = {isa = PBXFileReference; lastKnownFileType = image.png; path = plane2.png; sourceTree = "<group>"; };
		8FAE39C919C2A6640036333B /* plane3.png */ = {isa = PBXFileReference; lastKnownFileType = image.png; path = plane3.png; sourceTree = "<group>"; };
		8FAE39CA19C2A6640036333B /* plane4.png */ = {isa = PBXFileReference; lastKnownFileType = image.png; path = plane4.png; sourceTree = "<group>"; };
		8FAE39CB19C2A6640036333B /* tap.png */ = {isa = PBXFileReference; lastKnownFileType = image.png; path = tap.png; sourceTree = "<group>"; };
		8FAE39D919C3CCC60036333B /* Game.h */ = {isa = PBXFileReference; fileEncoding = 4; lastKnownFileType = sourcecode.c.h; name = Game.h; path = ../Game.h; sourceTree = "<group>"; };
		8FAE39DA19C3CCC60036333B /* Game.m */ = {isa = PBXFileReference; fileEncoding = 4; lastKnownFileType = sourcecode.c.objc; name = Game.m; path = ../Game.m; sourceTree = "<group>"; };
		8FAE39DC19C3CCEF0036333B /* AudioToolbox.framework */ = {isa = PBXFileReference; lastKnownFileType = wrapper.framework; name = AudioToolbox.framework; path = System/Library/Frameworks/AudioToolbox.framework; sourceTree = SDKROOT; };
		8FE9069F1AEDB9010099860A /* alien3.png */ = {isa = PBXFileReference; lastKnownFileType = image.png; path = alien3.png; sourceTree = "<group>"; };
		8FE906A01AEDB9010099860A /* alien2.png */ = {isa = PBXFileReference; lastKnownFileType = image.png; path = alien2.png; sourceTree = "<group>"; };
		8FE906A11AEDB9010099860A /* alien1.png */ = {isa = PBXFileReference; lastKnownFileType = image.png; path = alien1.png; sourceTree = "<group>"; };
/* End PBXFileReference section */

/* Begin PBXFrameworksBuildPhase section */
		8FAE398319C2A54A0036333B /* Frameworks */ = {
			isa = PBXFrameworksBuildPhase;
			buildActionMask = 2147483647;
			files = (
				8FAE39DD19C3CCEF0036333B /* AudioToolbox.framework in Frameworks */,
				8FAE398C19C2A54A0036333B /* CoreGraphics.framework in Frameworks */,
				8F8B92491AE4A047002277F5 /* GoogleMobileAds.framework in Frameworks */,
				8FAE398E19C2A54A0036333B /* UIKit.framework in Frameworks */,
				8FAE398A19C2A54A0036333B /* Foundation.framework in Frameworks */,
			);
			runOnlyForDeploymentPostprocessing = 0;
		};
		8FAE39A419C2A54A0036333B /* Frameworks */ = {
			isa = PBXFrameworksBuildPhase;
			buildActionMask = 2147483647;
			files = (
				8FAE39A919C2A54A0036333B /* XCTest.framework in Frameworks */,
				8FAE39AB19C2A54A0036333B /* UIKit.framework in Frameworks */,
				8FAE39AA19C2A54A0036333B /* Foundation.framework in Frameworks */,
			);
			runOnlyForDeploymentPostprocessing = 0;
		};
/* End PBXFrameworksBuildPhase section */

/* Begin PBXGroup section */
		8FAE397D19C2A54A0036333B = {
			isa = PBXGroup;
			children = (
				8F8B92481AE4A047002277F5 /* GoogleMobileAds.framework */,
				8FAE398F19C2A54A0036333B /* Heart Wings */,
				8FAE39AE19C2A54A0036333B /* Heart WingsTests */,
				8FAE398819C2A54A0036333B /* Frameworks */,
				8FAE398719C2A54A0036333B /* Products */,
			);
			sourceTree = "<group>";
		};
		8FAE398719C2A54A0036333B /* Products */ = {
			isa = PBXGroup;
			children = (
				8FAE398619C2A54A0036333B /* Heart Wings.app */,
				8FAE39A719C2A54A0036333B /* Heart WingsTests.xctest */,
			);
			name = Products;
			sourceTree = "<group>";
		};
		8FAE398819C2A54A0036333B /* Frameworks */ = {
			isa = PBXGroup;
			children = (
				8FAE39DC19C3CCEF0036333B /* AudioToolbox.framework */,
				8FAE398919C2A54A0036333B /* Foundation.framework */,
				8FAE398B19C2A54A0036333B /* CoreGraphics.framework */,
				8FAE398D19C2A54A0036333B /* UIKit.framework */,
				8FAE39A819C2A54A0036333B /* XCTest.framework */,
			);
			name = Frameworks;
			sourceTree = "<group>";
		};
		8FAE398F19C2A54A0036333B /* Heart Wings */ = {
			isa = PBXGroup;
			children = (
				8FAE399B19C2A54A0036333B /* Main.storyboard */,
				8FAE399E19C2A54A0036333B /* RKViewController.h */,
				8FAE399F19C2A54A0036333B /* RKViewController.m */,
				8FAE39D919C3CCC60036333B /* Game.h */,
				8FAE39DA19C3CCC60036333B /* Game.m */,
				8FAE39A119C2A54A0036333B /* Images.xcassets */,
				8FAE399019C2A54A0036333B /* Supporting Files */,
			);
			path = "Heart Wings";
			sourceTree = "<group>";
		};
		8FAE399019C2A54A0036333B /* Supporting Files */ = {
			isa = PBXGroup;
			children = (
				8FE9069F1AEDB9010099860A /* alien3.png */,
				8FE906A01AEDB9010099860A /* alien2.png */,
				8FE906A11AEDB9010099860A /* alien1.png */,
				8FAE39BF19C2A6640036333B /* arrow.png */,
				8FAE39C019C2A6640036333B /* background-4.png */,
				8FAE39C119C2A6640036333B /* background-35.png */,
				8FAE39C219C2A6640036333B /* bird-up-black.png */,
				8FAE39C319C2A6640036333B /* birdDown.png */,
				8FAE39C419C2A6640036333B /* birdUp.png */,
				8FAE39C519C2A6640036333B /* Jump4.wav */,
				8FAE39C619C2A6640036333B /* Pickup_Coin15.wav */,
				8FAE39C719C2A6640036333B /* plane1.png */,
				8FAE39C819C2A6640036333B /* plane2.png */,
				8FAE39C919C2A6640036333B /* plane3.png */,
				8FAE39CA19C2A6640036333B /* plane4.png */,
				8FAE39CB19C2A6640036333B /* tap.png */,
				8FAE399819C2A54A0036333B /* RKAppDelegate.h */,
				8FAE399919C2A54A0036333B /* RKAppDelegate.m */,
				8FAE399119C2A54A0036333B /* Heart Wings-Info.plist */,
				8FAE399219C2A54A0036333B /* InfoPlist.strings */,
				8FAE399519C2A54A0036333B /* main.m */,
				8FAE399719C2A54A0036333B /* Heart Wings-Prefix.pch */,
			);
			name = "Supporting Files";
			sourceTree = "<group>";
		};
		8FAE39AE19C2A54A0036333B /* Heart WingsTests */ = {
			isa = PBXGroup;
			children = (
				8FAE39B419C2A54A0036333B /* Heart_WingsTests.m */,
				8FAE39AF19C2A54A0036333B /* Supporting Files */,
			);
			path = "Heart WingsTests";
			sourceTree = "<group>";
		};
		8FAE39AF19C2A54A0036333B /* Supporting Files */ = {
			isa = PBXGroup;
			children = (
				8FAE39B019C2A54A0036333B /* Heart WingsTests-Info.plist */,
				8FAE39B119C2A54A0036333B /* InfoPlist.strings */,
			);
			name = "Supporting Files";
			sourceTree = "<group>";
		};
/* End PBXGroup section */

/* Begin PBXNativeTarget section */
		8FAE398519C2A54A0036333B /* Heart Wings */ = {
			isa = PBXNativeTarget;
			buildConfigurationList = 8FAE39B819C2A54A0036333B /* Build configuration list for PBXNativeTarget "Heart Wings" */;
			buildPhases = (
				8FAE398219C2A54A0036333B /* Sources */,
				8FAE398319C2A54A0036333B /* Frameworks */,
				8FAE398419C2A54A0036333B /* Resources */,
			);
			buildRules = (
			);
			dependencies = (
			);
			name = "Heart Wings";
			productName = "Heart Wings";
			productReference = 8FAE398619C2A54A0036333B /* Heart Wings.app */;
			productType = "com.apple.product-type.application";
		};
		8FAE39A619C2A54A0036333B /* Heart WingsTests */ = {
			isa = PBXNativeTarget;
			buildConfigurationList = 8FAE39BB19C2A54A0036333B /* Build configuration list for PBXNativeTarget "Heart WingsTests" */;
			buildPhases = (
				8FAE39A319C2A54A0036333B /* Sources */,
				8FAE39A419C2A54A0036333B /* Frameworks */,
				8FAE39A519C2A54A0036333B /* Resources */,
			);
			buildRules = (
			);
			dependencies = (
				8FAE39AD19C2A54A0036333B /* PBXTargetDependency */,
			);
			name = "Heart WingsTests";
			productName = "Heart WingsTests";
			productReference = 8FAE39A719C2A54A0036333B /* Heart WingsTests.xctest */;
			productType = "com.apple.product-type.bundle.unit-test";
		};
/* End PBXNativeTarget section */

/* Begin PBXProject section */
		8FAE397E19C2A54A0036333B /* Project object */ = {
			isa = PBXProject;
			attributes = {
				CLASSPREFIX = RK;
				LastUpgradeCheck = 0510;
				ORGANIZATIONNAME = "Rizwan Kiyani";
				TargetAttributes = {
					8FAE398519C2A54A0036333B = {
						DevelopmentTeam = 8QL9U6E964;
					};
					8FAE39A619C2A54A0036333B = {
						TestTargetID = 8FAE398519C2A54A0036333B;
					};
				};
			};
			buildConfigurationList = 8FAE398119C2A54A0036333B /* Build configuration list for PBXProject "Heart Wings" */;
			compatibilityVersion = "Xcode 3.2";
			developmentRegion = English;
			hasScannedForEncodings = 0;
			knownRegions = (
				en,
				Base,
			);
			mainGroup = 8FAE397D19C2A54A0036333B;
			productRefGroup = 8FAE398719C2A54A0036333B /* Products */;
			projectDirPath = "";
			projectRoot = "";
			targets = (
				8FAE398519C2A54A0036333B /* Heart Wings */,
				8FAE39A619C2A54A0036333B /* Heart WingsTests */,
			);
		};
/* End PBXProject section */

/* Begin PBXResourcesBuildPhase section */
		8FAE398419C2A54A0036333B /* Resources */ = {
			isa = PBXResourcesBuildPhase;
			buildActionMask = 2147483647;
			files = (
				8FE906A21AEDB9010099860A /* alien3.png in Resources */,
				8FAE39D319C2A6640036333B /* Pickup_Coin15.wav in Resources */,
				8FAE39D719C2A6640036333B /* plane4.png in Resources */,
				8FAE39D019C2A6640036333B /* birdDown.png in Resources */,
				8FAE39A219C2A54A0036333B /* Images.xcassets in Resources */,
				8FAE39D519C2A6640036333B /* plane2.png in Resources */,
				8FE906A41AEDB9010099860A /* alien1.png in Resources */,
				8FAE39CE19C2A6640036333B /* background-35.png in Resources */,
				8FAE399419C2A54A0036333B /* InfoPlist.strings in Resources */,
				8FAE399D19C2A54A0036333B /* Main.storyboard in Resources */,
				8FAE39CD19C2A6640036333B /* background-4.png in Resources */,
				8FAE39CF19C2A6640036333B /* bird-up-black.png in Resources */,
				8FAE39D219C2A6640036333B /* Jump4.wav in Resources */,
				8FE906A31AEDB9010099860A /* alien2.png in Resources */,
				8FAE39CC19C2A6640036333B /* arrow.png in Resources */,
				8FAE39D419C2A6640036333B /* plane1.png in Resources */,
				8FAE39D619C2A6640036333B /* plane3.png in Resources */,
				8FAE39D119C2A6640036333B /* birdUp.png in Resources */,
				8FAE39D819C2A6640036333B /* tap.png in Resources */,
			);
			runOnlyForDeploymentPostprocessing = 0;
		};
		8FAE39A519C2A54A0036333B /* Resources */ = {
			isa = PBXResourcesBuildPhase;
			buildActionMask = 2147483647;
			files = (
				8FAE39B319C2A54A0036333B /* InfoPlist.strings in Resources */,
			);
			runOnlyForDeploymentPostprocessing = 0;
		};
/* End PBXResourcesBuildPhase section */

/* Begin PBXSourcesBuildPhase section */
		8FAE398219C2A54A0036333B /* Sources */ = {
			isa = PBXSourcesBuildPhase;
			buildActionMask = 2147483647;
			files = (
				8FAE399619C2A54A0036333B /* main.m in Sources */,
				8FAE399A19C2A54A0036333B /* RKAppDelegate.m in Sources */,
				8FAE39A019C2A54A0036333B /* RKViewController.m in Sources */,
				8FAE39DB19C3CCC60036333B /* Game.m in Sources */,
			);
			runOnlyForDeploymentPostprocessing = 0;
		};
		8FAE39A319C2A54A0036333B /* Sources */ = {
			isa = PBXSourcesBuildPhase;
			buildActionMask = 2147483647;
			files = (
				8FAE39B519C2A54A0036333B /* Heart_WingsTests.m in Sources */,
			);
			runOnlyForDeploymentPostprocessing = 0;
		};
/* End PBXSourcesBuildPhase section */

/* Begin PBXTargetDependency section */
		8FAE39AD19C2A54A0036333B /* PBXTargetDependency */ = {
			isa = PBXTargetDependency;
			target = 8FAE398519C2A54A0036333B /* Heart Wings */;
			targetProxy = 8FAE39AC19C2A54A0036333B /* PBXContainerItemProxy */;
		};
/* End PBXTargetDependency section */

/* Begin PBXVariantGroup section */
		8FAE399219C2A54A0036333B /* InfoPlist.strings */ = {
			isa = PBXVariantGroup;
			children = (
				8FAE399319C2A54A0036333B /* en */,
			);
			name = InfoPlist.strings;
			sourceTree = "<group>";
		};
		8FAE399B19C2A54A0036333B /* Main.storyboard */ = {
			isa = PBXVariantGroup;
			children = (
				8FAE399C19C2A54A0036333B /* Base */,
			);
			name = Main.storyboard;
			sourceTree = "<group>";
		};
		8FAE39B119C2A54A0036333B /* InfoPlist.strings */ = {
			isa = PBXVariantGroup;
			children = (
				8FAE39B219C2A54A0036333B /* en */,
			);
			name = InfoPlist.strings;
			sourceTree = "<group>";
		};
/* End PBXVariantGroup section */

/* Begin XCBuildConfiguration section */
		8FAE39B619C2A54A0036333B /* Debug */ = {
			isa = XCBuildConfiguration;
			buildSettings = {
				ALWAYS_SEARCH_USER_PATHS = NO;
				CLANG_CXX_LANGUAGE_STANDARD = "gnu++0x";
				CLANG_CXX_LIBRARY = "libc++";
				CLANG_ENABLE_MODULES = YES;
				CLANG_ENABLE_OBJC_ARC = YES;
				CLANG_WARN_BOOL_CONVERSION = YES;
				CLANG_WARN_CONSTANT_CONVERSION = YES;
				CLANG_WARN_DIRECT_OBJC_ISA_USAGE = YES_ERROR;
				CLANG_WARN_EMPTY_BODY = YES;
				CLANG_WARN_ENUM_CONVERSION = YES;
				CLANG_WARN_INT_CONVERSION = YES;
				CLANG_WARN_OBJC_ROOT_CLASS = YES_ERROR;
				CLANG_WARN__DUPLICATE_METHOD_MATCH = YES;
				"CODE_SIGN_IDENTITY[sdk=iphoneos*]" = "iPhone Developer";
				COPY_PHASE_STRIP = NO;
				GCC_C_LANGUAGE_STANDARD = gnu99;
				GCC_DYNAMIC_NO_PIC = NO;
				GCC_OPTIMIZATION_LEVEL = 0;
				GCC_PREPROCESSOR_DEFINITIONS = (
					"DEBUG=1",
					"$(inherited)",
				);
				GCC_SYMBOLS_PRIVATE_EXTERN = NO;
				GCC_WARN_64_TO_32_BIT_CONVERSION = YES;
				GCC_WARN_ABOUT_RETURN_TYPE = YES_ERROR;
				GCC_WARN_UNDECLARED_SELECTOR = YES;
				GCC_WARN_UNINITIALIZED_AUTOS = YES_AGGRESSIVE;
				GCC_WARN_UNUSED_FUNCTION = YES;
				GCC_WARN_UNUSED_VARIABLE = YES;
				IPHONEOS_DEPLOYMENT_TARGET = 7.1;
				ONLY_ACTIVE_ARCH = YES;
				SDKROOT = iphoneos;
			};
			name = Debug;
		};
		8FAE39B719C2A54A0036333B /* Release */ = {
			isa = XCBuildConfiguration;
			buildSettings = {
				ALWAYS_SEARCH_USER_PATHS = NO;
				CLANG_CXX_LANGUAGE_STANDARD = "gnu++0x";
				CLANG_CXX_LIBRARY = "libc++";
				CLANG_ENABLE_MODULES = YES;
				CLANG_ENABLE_OBJC_ARC = YES;
				CLANG_WARN_BOOL_CONVERSION = YES;
				CLANG_WARN_CONSTANT_CONVERSION = YES;
				CLANG_WARN_DIRECT_OBJC_ISA_USAGE = YES_ERROR;
				CLANG_WARN_EMPTY_BODY = YES;
				CLANG_WARN_ENUM_CONVERSION = YES;
				CLANG_WARN_INT_CONVERSION = YES;
				CLANG_WARN_OBJC_ROOT_CLASS = YES_ERROR;
				CLANG_WARN__DUPLICATE_METHOD_MATCH = YES;
				"CODE_SIGN_IDENTITY[sdk=iphoneos*]" = "iPhone Developer";
				COPY_PHASE_STRIP = YES;
				ENABLE_NS_ASSERTIONS = NO;
				GCC_C_LANGUAGE_STANDARD = gnu99;
				GCC_WARN_64_TO_32_BIT_CONVERSION = YES;
				GCC_WARN_ABOUT_RETURN_TYPE = YES_ERROR;
				GCC_WARN_UNDECLARED_SELECTOR = YES;
				GCC_WARN_UNINITIALIZED_AUTOS = YES_AGGRESSIVE;
				GCC_WARN_UNUSED_FUNCTION = YES;
				GCC_WARN_UNUSED_VARIABLE = YES;
				IPHONEOS_DEPLOYMENT_TARGET = 7.1;
				SDKROOT = iphoneos;
				VALIDATE_PRODUCT = YES;
			};
			name = Release;
		};
		8FAE39B919C2A54A0036333B /* Debug */ = {
			isa = XCBuildConfiguration;
			buildSettings = {
				ASSETCATALOG_COMPILER_APPICON_NAME = AppIcon;
				ASSETCATALOG_COMPILER_LAUNCHIMAGE_NAME = LaunchImage;
				CODE_SIGN_IDENTITY = "iPhone Developer";
				FRAMEWORK_SEARCH_PATHS = (
					"$(inherited)",
					"$(PROJECT_DIR)",
				);
				GCC_PRECOMPILE_PREFIX_HEADER = YES;
				GCC_PREFIX_HEADER = "Heart Wings/Heart Wings-Prefix.pch";
				INFOPLIST_FILE = "Heart Wings/Heart Wings-Info.plist";
				IPHONEOS_DEPLOYMENT_TARGET = 6.0;
				PRODUCT_NAME = "$(TARGET_NAME)";
				TARGETED_DEVICE_FAMILY = 1;
				WRAPPER_EXTENSION = app;
			};
			name = Debug;
		};
		8FAE39BA19C2A54A0036333B /* Release */ = {
			isa = XCBuildConfiguration;
			buildSettings = {
				ASSETCATALOG_COMPILER_APPICON_NAME = AppIcon;
				ASSETCATALOG_COMPILER_LAUNCHIMAGE_NAME = LaunchImage;
				CODE_SIGN_IDENTITY = "iPhone Developer";
				FRAMEWORK_SEARCH_PATHS = (
					"$(inherited)",
					"$(PROJECT_DIR)",
				);
				GCC_PRECOMPILE_PREFIX_HEADER = YES;
				GCC_PREFIX_HEADER = "Heart Wings/Heart Wings-Prefix.pch";
				INFOPLIST_FILE = "Heart Wings/Heart Wings-Info.plist";
				IPHONEOS_DEPLOYMENT_TARGET = 6.0;
				PRODUCT_NAME = "$(TARGET_NAME)";
				TARGETED_DEVICE_FAMILY = 1;
				WRAPPER_EXTENSION = app;
			};
			name = Release;
		};
		8FAE39BC19C2A54A0036333B /* Debug */ = {
			isa = XCBuildConfiguration;
			buildSettings = {
				BUNDLE_LOADER = "$(BUILT_PRODUCTS_DIR)/Heart Wings.app/Heart Wings";
				FRAMEWORK_SEARCH_PATHS = (
					"$(SDKROOT)/Developer/Library/Frameworks",
					"$(inherited)",
					"$(DEVELOPER_FRAMEWORKS_DIR)",
				);
				GCC_PRECOMPILE_PREFIX_HEADER = YES;
				GCC_PREFIX_HEADER = "Heart Wings/Heart Wings-Prefix.pch";
				GCC_PREPROCESSOR_DEFINITIONS = (
					"DEBUG=1",
					"$(inherited)",
				);
				INFOPLIST_FILE = "Heart WingsTests/Heart WingsTests-Info.plist";
				PRODUCT_NAME = "$(TARGET_NAME)";
				TEST_HOST = "$(BUNDLE_LOADER)";
				WRAPPER_EXTENSION = xctest;
			};
			name = Debug;
		};
		8FAE39BD19C2A54A0036333B /* Release */ = {
			isa = XCBuildConfiguration;
			buildSettings = {
				BUNDLE_LOADER = "$(BUILT_PRODUCTS_DIR)/Heart Wings.app/Heart Wings";
				FRAMEWORK_SEARCH_PATHS = (
					"$(SDKROOT)/Developer/Library/Frameworks",
					"$(inherited)",
					"$(DEVELOPER_FRAMEWORKS_DIR)",
				);
				GCC_PRECOMPILE_PREFIX_HEADER = YES;
				GCC_PREFIX_HEADER = "Heart Wings/Heart Wings-Prefix.pch";
				INFOPLIST_FILE = "Heart WingsTests/Heart WingsTests-Info.plist";
				PRODUCT_NAME = "$(TARGET_NAME)";
				TEST_HOST = "$(BUNDLE_LOADER)";
				WRAPPER_EXTENSION = xctest;
			};
			name = Release;
		};
/* End XCBuildConfiguration section */

/* Begin XCConfigurationList section */
		8FAE398119C2A54A0036333B /* Build configuration list for PBXProject "Heart Wings" */ = {
			isa = XCConfigurationList;
			buildConfigurations = (
				8FAE39B619C2A54A0036333B /* Debug */,
				8FAE39B719C2A54A0036333B /* Release */,
			);
			defaultConfigurationIsVisible = 0;
			defaultConfigurationName = Release;
		};
		8FAE39B819C2A54A0036333B /* Build configuration list for PBXNativeTarget "Heart Wings" */ = {
			isa = XCConfigurationList;
			buildConfigurations = (
				8FAE39B919C2A54A0036333B /* Debug */,
				8FAE39BA19C2A54A0036333B /* Release */,
			);
			defaultConfigurationIsVisible = 0;
			defaultConfigurationName = Release;
		};
		8FAE39BB19C2A54A0036333B /* Build configuration list for PBXNativeTarget "Heart WingsTests" */ = {
			isa = XCConfigurationList;
			buildConfigurations = (
				8FAE39BC19C2A54A0036333B /* Debug */,
				8FAE39BD19C2A54A0036333B /* Release */,
			);
			defaultConfigurationIsVisible = 0;
			defaultConfigurationName = Release;
		};
/* End XCConfigurationList section */
	};
	rootObject = 8FAE397E19C2A54A0036333B /* Project object */;
}
